// !$*UTF8*$!
{
	archiveVersion = 1;
	classes = {
	};
	objectVersion = 46;
	objects = {

/* Begin PBXBuildFile section */
		9D26980819A064C900E4FE03 /* AppDelegate.swift in Sources */ = {isa = PBXBuildFile; fileRef = 9D26980719A064C900E4FE03 /* AppDelegate.swift */; };
		9D26980B19A064C900E4FE03 /* CoreData.xcdatamodeld in Sources */ = {isa = PBXBuildFile; fileRef = 9D26980919A064C900E4FE03 /* CoreData.xcdatamodeld */; };
		9D26980D19A064C900E4FE03 /* ViewController.swift in Sources */ = {isa = PBXBuildFile; fileRef = 9D26980C19A064C900E4FE03 /* ViewController.swift */; };
		9D26981019A064C900E4FE03 /* Main.storyboard in Resources */ = {isa = PBXBuildFile; fileRef = 9D26980E19A064C900E4FE03 /* Main.storyboard */; };
		9D26981219A064C900E4FE03 /* Images.xcassets in Resources */ = {isa = PBXBuildFile; fileRef = 9D26981119A064C900E4FE03 /* Images.xcassets */; };
		9D26981E19A064CA00E4FE03 /* CoreDataTests.swift in Sources */ = {isa = PBXBuildFile; fileRef = 9D26981D19A064CA00E4FE03 /* CoreDataTests.swift */; };
		9D26982C19A0664500E4FE03 /* Cidade.swift in Sources */ = {isa = PBXBuildFile; fileRef = 9D26982B19A0664500E4FE03 /* Cidade.swift */; };
		9D26982E19A066BC00E4FE03 /* DataManager.swift in Sources */ = {isa = PBXBuildFile; fileRef = 9D26982D19A066BC00E4FE03 /* DataManager.swift */; };
		9D26983019A0738300E4FE03 /* CoreData.framework in Frameworks */ = {isa = PBXBuildFile; fileRef = 9D26982F19A0738300E4FE03 /* CoreData.framework */; };
		9D28AE0019A65A8F003CE509 /* Cadastro.swift in Sources */ = {isa = PBXBuildFile; fileRef = 9D28ADFF19A65A8F003CE509 /* Cadastro.swift */; };
		9DD8A33219B5405B00E3B242 /* AbstractEntity.swift in Sources */ = {isa = PBXBuildFile; fileRef = 9DD8A33119B5405B00E3B242 /* AbstractEntity.swift */; };
/* End PBXBuildFile section */

/* Begin PBXContainerItemProxy section */
		9D26981819A064CA00E4FE03 /* PBXContainerItemProxy */ = {
			isa = PBXContainerItemProxy;
			containerPortal = 9D2697FA19A064C900E4FE03 /* Project object */;
			proxyType = 1;
			remoteGlobalIDString = 9D26980119A064C900E4FE03;
			remoteInfo = CoreData;
		};
/* End PBXContainerItemProxy section */

/* Begin PBXFileReference section */
		9D26980219A064C900E4FE03 /* projetoBobo.app */ = {isa = PBXFileReference; explicitFileType = wrapper.application; includeInIndex = 0; path = projetoBobo.app; sourceTree = BUILT_PRODUCTS_DIR; };
		9D26980619A064C900E4FE03 /* Info.plist */ = {isa = PBXFileReference; lastKnownFileType = text.plist.xml; path = Info.plist; sourceTree = "<group>"; };
		9D26980719A064C900E4FE03 /* AppDelegate.swift */ = {isa = PBXFileReference; lastKnownFileType = sourcecode.swift; path = AppDelegate.swift; sourceTree = "<group>"; };
		9D26980A19A064C900E4FE03 /* CoreData.xcdatamodel */ = {isa = PBXFileReference; lastKnownFileType = wrapper.xcdatamodel; path = CoreData.xcdatamodel; sourceTree = "<group>"; };
		9D26980C19A064C900E4FE03 /* ViewController.swift */ = {isa = PBXFileReference; lastKnownFileType = sourcecode.swift; path = ViewController.swift; sourceTree = "<group>"; };
		9D26980F19A064C900E4FE03 /* Base */ = {isa = PBXFileReference; lastKnownFileType = file.storyboard; name = Base; path = Base.lproj/Main.storyboard; sourceTree = "<group>"; };
		9D26981119A064C900E4FE03 /* Images.xcassets */ = {isa = PBXFileReference; lastKnownFileType = folder.assetcatalog; path = Images.xcassets; sourceTree = "<group>"; };
		9D26981719A064CA00E4FE03 /* projetoBobo.xctest */ = {isa = PBXFileReference; explicitFileType = wrapper.cfbundle; includeInIndex = 0; path = projetoBobo.xctest; sourceTree = BUILT_PRODUCTS_DIR; };
		9D26981C19A064CA00E4FE03 /* Info.plist */ = {isa = PBXFileReference; lastKnownFileType = text.plist.xml; path = Info.plist; sourceTree = "<group>"; };
		9D26981D19A064CA00E4FE03 /* CoreDataTests.swift */ = {isa = PBXFileReference; lastKnownFileType = sourcecode.swift; path = CoreDataTests.swift; sourceTree = "<group>"; };
		9D26982B19A0664500E4FE03 /* Cidade.swift */ = {isa = PBXFileReference; fileEncoding = 4; lastKnownFileType = sourcecode.swift; path = Cidade.swift; sourceTree = "<group>"; };
		9D26982D19A066BC00E4FE03 /* DataManager.swift */ = {isa = PBXFileReference; fileEncoding = 4; lastKnownFileType = sourcecode.swift; path = DataManager.swift; sourceTree = "<group>"; };
		9D26982F19A0738300E4FE03 /* CoreData.framework */ = {isa = PBXFileReference; lastKnownFileType = wrapper.framework; name = CoreData.framework; path = System/Library/Frameworks/CoreData.framework; sourceTree = SDKROOT; };
		9D28ADFF19A65A8F003CE509 /* Cadastro.swift */ = {isa = PBXFileReference; fileEncoding = 4; lastKnownFileType = sourcecode.swift; path = Cadastro.swift; sourceTree = "<group>"; };
		9DD8A33119B5405B00E3B242 /* AbstractEntity.swift */ = {isa = PBXFileReference; fileEncoding = 4; lastKnownFileType = sourcecode.swift; path = AbstractEntity.swift; sourceTree = "<group>"; };
/* End PBXFileReference section */

/* Begin PBXFrameworksBuildPhase section */
		9D2697FF19A064C900E4FE03 /* Frameworks */ = {
			isa = PBXFrameworksBuildPhase;
			buildActionMask = 2147483647;
			files = (
				9D26983019A0738300E4FE03 /* CoreData.framework in Frameworks */,
			);
			runOnlyForDeploymentPostprocessing = 0;
		};
		9D26981419A064CA00E4FE03 /* Frameworks */ = {
			isa = PBXFrameworksBuildPhase;
			buildActionMask = 2147483647;
			files = (
			);
			runOnlyForDeploymentPostprocessing = 0;
		};
/* End PBXFrameworksBuildPhase section */

/* Begin PBXGroup section */
		9D2697F919A064C900E4FE03 = {
			isa = PBXGroup;
			children = (
				9D26982F19A0738300E4FE03 /* CoreData.framework */,
				9D26980419A064C900E4FE03 /* CoreData */,
				9D26981A19A064CA00E4FE03 /* CoreDataTests */,
				9D26980319A064C900E4FE03 /* Products */,
			);
			sourceTree = "<group>";
		};
		9D26980319A064C900E4FE03 /* Products */ = {
			isa = PBXGroup;
			children = (
				9D26980219A064C900E4FE03 /* projetoBobo.app */,
				9D26981719A064CA00E4FE03 /* projetoBobo.xctest */,
			);
			name = Products;
			sourceTree = "<group>";
		};
		9D26980419A064C900E4FE03 /* CoreData */ = {
			isa = PBXGroup;
			children = (
				9D28AE0319A65AFE003CE509 /* App */,
				9D28AE0219A65AEC003CE509 /* UI */,
				9D28AE0119A65ADB003CE509 /* Model */,
				9D26981119A064C900E4FE03 /* Images.xcassets */,
				9D26980519A064C900E4FE03 /* Supporting Files */,
			);
			path = CoreData;
			sourceTree = "<group>";
		};
		9D26980519A064C900E4FE03 /* Supporting Files */ = {
			isa = PBXGroup;
			children = (
				9D26980619A064C900E4FE03 /* Info.plist */,
			);
			name = "Supporting Files";
			sourceTree = "<group>";
		};
		9D26981A19A064CA00E4FE03 /* CoreDataTests */ = {
			isa = PBXGroup;
			children = (
				9D26981D19A064CA00E4FE03 /* CoreDataTests.swift */,
				9D26981B19A064CA00E4FE03 /* Supporting Files */,
			);
			path = CoreDataTests;
			sourceTree = "<group>";
		};
		9D26981B19A064CA00E4FE03 /* Supporting Files */ = {
			isa = PBXGroup;
			children = (
				9D26981C19A064CA00E4FE03 /* Info.plist */,
			);
			name = "Supporting Files";
			sourceTree = "<group>";
		};
		9D28AE0119A65ADB003CE509 /* Model */ = {
			isa = PBXGroup;
			children = (
				9D26980919A064C900E4FE03 /* CoreData.xcdatamodeld */,
				9D26982B19A0664500E4FE03 /* Cidade.swift */,
				9D28ADFF19A65A8F003CE509 /* Cadastro.swift */,
				9DD8A33119B5405B00E3B242 /* AbstractEntity.swift */,
			);
			name = Model;
			sourceTree = "<group>";
		};
		9D28AE0219A65AEC003CE509 /* UI */ = {
			isa = PBXGroup;
			children = (
				9D26980C19A064C900E4FE03 /* ViewController.swift */,
				9D26980E19A064C900E4FE03 /* Main.storyboard */,
			);
			name = UI;
			sourceTree = "<group>";
		};
		9D28AE0319A65AFE003CE509 /* App */ = {
			isa = PBXGroup;
			children = (
				9D26980719A064C900E4FE03 /* AppDelegate.swift */,
				9D26982D19A066BC00E4FE03 /* DataManager.swift */,
			);
			name = App;
			sourceTree = "<group>";
		};
/* End PBXGroup section */

/* Begin PBXNativeTarget section */
		9D26980119A064C900E4FE03 /* projetoBobo */ = {
			isa = PBXNativeTarget;
			buildConfigurationList = 9D26982119A064CA00E4FE03 /* Build configuration list for PBXNativeTarget "projetoBobo" */;
			buildPhases = (
				9D2697FE19A064C900E4FE03 /* Sources */,
				9D2697FF19A064C900E4FE03 /* Frameworks */,
				9D26980019A064C900E4FE03 /* Resources */,
			);
			buildRules = (
			);
			dependencies = (
			);
			name = projetoBobo;
			productName = CoreData;
			productReference = 9D26980219A064C900E4FE03 /* projetoBobo.app */;
			productType = "com.apple.product-type.application";
		};
		9D26981619A064CA00E4FE03 /* projetoBoboTests */ = {
			isa = PBXNativeTarget;
			buildConfigurationList = 9D26982419A064CA00E4FE03 /* Build configuration list for PBXNativeTarget "projetoBoboTests" */;
			buildPhases = (
				9D26981319A064CA00E4FE03 /* Sources */,
				9D26981419A064CA00E4FE03 /* Frameworks */,
				9D26981519A064CA00E4FE03 /* Resources */,
			);
			buildRules = (
			);
			dependencies = (
				9D26981919A064CA00E4FE03 /* PBXTargetDependency */,
			);
			name = projetoBoboTests;
			productName = CoreDataTests;
			productReference = 9D26981719A064CA00E4FE03 /* projetoBobo.xctest */;
			productType = "com.apple.product-type.bundle.unit-test";
		};
/* End PBXNativeTarget section */

/* Begin PBXProject section */
		9D2697FA19A064C900E4FE03 /* Project object */ = {
			isa = PBXProject;
			attributes = {
				LastSwiftMigration = 0730;
				LastSwiftUpdateCheck = 0730;
				LastUpgradeCheck = 0600;
				ORGANIZATIONNAME = "Lucas Conceicao";
				TargetAttributes = {
					9D26980119A064C900E4FE03 = {
						CreatedOnToolsVersion = 6.0;
					};
					9D26981619A064CA00E4FE03 = {
						CreatedOnToolsVersion = 6.0;
						TestTargetID = 9D26980119A064C900E4FE03;
					};
				};
			};
			buildConfigurationList = 9D2697FD19A064C900E4FE03 /* Build configuration list for PBXProject "projetoBobo" */;
			compatibilityVersion = "Xcode 3.2";
			developmentRegion = English;
			hasScannedForEncodings = 0;
			knownRegions = (
				en,
				Base,
			);
			mainGroup = 9D2697F919A064C900E4FE03;
			productRefGroup = 9D26980319A064C900E4FE03 /* Products */;
			projectDirPath = "";
			projectRoot = "";
			targets = (
				9D26980119A064C900E4FE03 /* projetoBobo */,
				9D26981619A064CA00E4FE03 /* projetoBoboTests */,
			);
		};
/* End PBXProject section */

/* Begin PBXResourcesBuildPhase section */
		9D26980019A064C900E4FE03 /* Resources */ = {
			isa = PBXResourcesBuildPhase;
			buildActionMask = 2147483647;
			files = (
				9D26981019A064C900E4FE03 /* Main.storyboard in Resources */,
				9D26981219A064C900E4FE03 /* Images.xcassets in Resources */,
			);
			runOnlyForDeploymentPostprocessing = 0;
		};
		9D26981519A064CA00E4FE03 /* Resources */ = {
			isa = PBXResourcesBuildPhase;
			buildActionMask = 2147483647;
			files = (
			);
			runOnlyForDeploymentPostprocessing = 0;
		};
/* End PBXResourcesBuildPhase section */

/* Begin PBXSourcesBuildPhase section */
		9D2697FE19A064C900E4FE03 /* Sources */ = {
			isa = PBXSourcesBuildPhase;
			buildActionMask = 2147483647;
			files = (
				9D28AE0019A65A8F003CE509 /* Cadastro.swift in Sources */,
				9D26980D19A064C900E4FE03 /* ViewController.swift in Sources */,
				9D26980B19A064C900E4FE03 /* CoreData.xcdatamodeld in Sources */,
				9D26982C19A0664500E4FE03 /* Cidade.swift in Sources */,
				9D26982E19A066BC00E4FE03 /* DataManager.swift in Sources */,
				9DD8A33219B5405B00E3B242 /* AbstractEntity.swift in Sources */,
				9D26980819A064C900E4FE03 /* AppDelegate.swift in Sources */,
			);
			runOnlyForDeploymentPostprocessing = 0;
		};
		9D26981319A064CA00E4FE03 /* Sources */ = {
			isa = PBXSourcesBuildPhase;
			buildActionMask = 2147483647;
			files = (
				9D26981E19A064CA00E4FE03 /* CoreDataTests.swift in Sources */,
			);
			runOnlyForDeploymentPostprocessing = 0;
		};
/* End PBXSourcesBuildPhase section */

/* Begin PBXTargetDependency section */
		9D26981919A064CA00E4FE03 /* PBXTargetDependency */ = {
			isa = PBXTargetDependency;
			target = 9D26980119A064C900E4FE03 /* projetoBobo */;
			targetProxy = 9D26981819A064CA00E4FE03 /* PBXContainerItemProxy */;
		};
/* End PBXTargetDependency section */

/* Begin PBXVariantGroup section */
		9D26980E19A064C900E4FE03 /* Main.storyboard */ = {
			isa = PBXVariantGroup;
			children = (
				9D26980F19A064C900E4FE03 /* Base */,
			);
			name = Main.storyboard;
			sourceTree = "<group>";
		};
/* End PBXVariantGroup section */

/* Begin XCBuildConfiguration section */
		9D26981F19A064CA00E4FE03 /* Debug */ = {
			isa = XCBuildConfiguration;
			buildSettings = {
				ALWAYS_SEARCH_USER_PATHS = NO;
				CLANG_CXX_LANGUAGE_STANDARD = "gnu++0x";
				CLANG_CXX_LIBRARY = "libc++";
				CLANG_ENABLE_MODULES = YES;
				CLANG_ENABLE_OBJC_ARC = YES;
				CLANG_WARN_BOOL_CONVERSION = YES;
				CLANG_WARN_CONSTANT_CONVERSION = YES;
				CLANG_WARN_DIRECT_OBJC_ISA_USAGE = YES_ERROR;
				CLANG_WARN_EMPTY_BODY = YES;
				CLANG_WARN_ENUM_CONVERSION = YES;
				CLANG_WARN_INT_CONVERSION = YES;
				CLANG_WARN_OBJC_ROOT_CLASS = YES_ERROR;
				CLANG_WARN_UNREACHABLE_CODE = YES;
				CLANG_WARN__DUPLICATE_METHOD_MATCH = YES;
				"CODE_SIGN_IDENTITY[sdk=iphoneos*]" = "iPhone Developer";
				COPY_PHASE_STRIP = NO;
				ENABLE_STRICT_OBJC_MSGSEND = YES;
				GCC_C_LANGUAGE_STANDARD = gnu99;
				GCC_DYNAMIC_NO_PIC = NO;
				GCC_OPTIMIZATION_LEVEL = 0;
				GCC_PREPROCESSOR_DEFINITIONS = (
					"DEBUG=1",
					"$(inherited)",
				);
				GCC_SYMBOLS_PRIVATE_EXTERN = NO;
				GCC_WARN_64_TO_32_BIT_CONVERSION = YES;
				GCC_WARN_ABOUT_RETURN_TYPE = YES_ERROR;
				GCC_WARN_UNDECLARED_SELECTOR = YES;
				GCC_WARN_UNINITIALIZED_AUTOS = YES_AGGRESSIVE;
				GCC_WARN_UNUSED_FUNCTION = YES;
				GCC_WARN_UNUSED_VARIABLE = YES;
				IPHONEOS_DEPLOYMENT_TARGET = 7.1;
				MTL_ENABLE_DEBUG_INFO = YES;
				ONLY_ACTIVE_ARCH = YES;
				SDKROOT = iphoneos;
				SWIFT_OPTIMIZATION_LEVEL = "-Onone";
			};
			name = Debug;
		};
		9D26982019A064CA00E4FE03 /* Release */ = {
			isa = XCBuildConfiguration;
			buildSettings = {
				ALWAYS_SEARCH_USER_PATHS = NO;
				CLANG_CXX_LANGUAGE_STANDARD = "gnu++0x";
				CLANG_CXX_LIBRARY = "libc++";
				CLANG_ENABLE_MODULES = YES;
				CLANG_ENABLE_OBJC_ARC = YES;
				CLANG_WARN_BOOL_CONVERSION = YES;
				CLANG_WARN_CONSTANT_CONVERSION = YES;
				CLANG_WARN_DIRECT_OBJC_ISA_USAGE = YES_ERROR;
				CLANG_WARN_EMPTY_BODY = YES;
				CLANG_WARN_ENUM_CONVERSION = YES;
				CLANG_WARN_INT_CONVERSION = YES;
				CLANG_WARN_OBJC_ROOT_CLASS = YES_ERROR;
				CLANG_WARN_UNREACHABLE_CODE = YES;
				CLANG_WARN__DUPLICATE_METHOD_MATCH = YES;
				"CODE_SIGN_IDENTITY[sdk=iphoneos*]" = "iPhone Developer";
				COPY_PHASE_STRIP = YES;
				ENABLE_NS_ASSERTIONS = NO;
				ENABLE_STRICT_OBJC_MSGSEND = YES;
				GCC_C_LANGUAGE_STANDARD = gnu99;
				GCC_WARN_64_TO_32_BIT_CONVERSION = YES;
				GCC_WARN_ABOUT_RETURN_TYPE = YES_ERROR;
				GCC_WARN_UNDECLARED_SELECTOR = YES;
				GCC_WARN_UNINITIALIZED_AUTOS = YES_AGGRESSIVE;
				GCC_WARN_UNUSED_FUNCTION = YES;
				GCC_WARN_UNUSED_VARIABLE = YES;
				IPHONEOS_DEPLOYMENT_TARGET = 7.1;
				MTL_ENABLE_DEBUG_INFO = NO;
				SDKROOT = iphoneos;
				VALIDATE_PRODUCT = YES;
			};
			name = Release;
		};
		9D26982219A064CA00E4FE03 /* Debug */ = {
			isa = XCBuildConfiguration;
			buildSettings = {
				ASSETCATALOG_COMPILER_APPICON_NAME = AppIcon;
				ASSETCATALOG_COMPILER_LAUNCHIMAGE_NAME = LaunchImage;
				CLANG_ENABLE_MODULES = YES;
				INFOPLIST_FILE = CoreData/Info.plist;
				IPHONEOS_DEPLOYMENT_TARGET = 8.0;
				LD_RUNPATH_SEARCH_PATHS = "$(inherited) @executable_path/Frameworks";
				PRODUCT_NAME = projetoBobo;
				SWIFT_OPTIMIZATION_LEVEL = "-Onone";
			};
			name = Debug;
		};
		9D26982319A064CA00E4FE03 /* Release */ = {
			isa = XCBuildConfiguration;
			buildSettings = {
				ASSETCATALOG_COMPILER_APPICON_NAME = AppIcon;
				ASSETCATALOG_COMPILER_LAUNCHIMAGE_NAME = LaunchImage;
				CLANG_ENABLE_MODULES = YES;
				INFOPLIST_FILE = CoreData/Info.plist;
				IPHONEOS_DEPLOYMENT_TARGET = 8.0;
				LD_RUNPATH_SEARCH_PATHS = "$(inherited) @executable_path/Frameworks";
				PRODUCT_NAME = projetoBobo;
			};
			name = Release;
		};
		9D26982519A064CA00E4FE03 /* Debug */ = {
			isa = XCBuildConfiguration;
			buildSettings = {
				BUNDLE_LOADER = "$(TEST_HOST)";
				FRAMEWORK_SEARCH_PATHS = (
					"$(SDKROOT)/Developer/Library/Frameworks",
					"$(inherited)",
				);
				GCC_PREPROCESSOR_DEFINITIONS = (
					"DEBUG=1",
					"$(inherited)",
				);
				INFOPLIST_FILE = CoreDataTests/Info.plist;
				LD_RUNPATH_SEARCH_PATHS = "$(inherited) @executable_path/Frameworks @loader_path/Frameworks";
				PRODUCT_NAME = projetoBobo;
				TEST_HOST = "$(BUILT_PRODUCTS_DIR)/projetoBobo.app/projetoBobo";
			};
			name = Debug;
		};
		9D26982619A064CA00E4FE03 /* Release */ = {
			isa = XCBuildConfiguration;
			buildSettings = {
				BUNDLE_LOADER = "$(TEST_HOST)";
				FRAMEWORK_SEARCH_PATHS = (
					"$(SDKROOT)/Developer/Library/Frameworks",
					"$(inherited)",
				);
				INFOPLIST_FILE = CoreDataTests/Info.plist;
				LD_RUNPATH_SEARCH_PATHS = "$(inherited) @executable_path/Frameworks @loader_path/Frameworks";
				PRODUCT_NAME = projetoBobo;
				TEST_HOST = "$(BUILT_PRODUCTS_DIR)/projetoBobo.app/projetoBobo";
			};
			name = Release;
		};
/* End XCBuildConfiguration section */

/* Begin XCConfigurationList section */
		9D2697FD19A064C900E4FE03 /* Build configuration list for PBXProject "projetoBobo" */ = {
			isa = XCConfigurationList;
			buildConfigurations = (
				9D26981F19A064CA00E4FE03 /* Debug */,
				9D26982019A064CA00E4FE03 /* Release */,
			);
			defaultConfigurationIsVisible = 0;
			defaultConfigurationName = Release;
		};
		9D26982119A064CA00E4FE03 /* Build configuration list for PBXNativeTarget "projetoBobo" */ = {
			isa = XCConfigurationList;
			buildConfigurations = (
				9D26982219A064CA00E4FE03 /* Debug */,
				9D26982319A064CA00E4FE03 /* Release */,
			);
			defaultConfigurationIsVisible = 0;
			defaultConfigurationName = Release;
		};
		9D26982419A064CA00E4FE03 /* Build configuration list for PBXNativeTarget "projetoBoboTests" */ = {
			isa = XCConfigurationList;
			buildConfigurations = (
				9D26982519A064CA00E4FE03 /* Debug */,
				9D26982619A064CA00E4FE03 /* Release */,
			);
			defaultConfigurationIsVisible = 0;
			defaultConfigurationName = Release;
		};
/* End XCConfigurationList section */

/* Begin XCVersionGroup section */
		9D26980919A064C900E4FE03 /* CoreData.xcdatamodeld */ = {
			isa = XCVersionGroup;
			children = (
				9D26980A19A064C900E4FE03 /* CoreData.xcdatamodel */,
			);
			currentVersion = 9D26980A19A064C900E4FE03 /* CoreData.xcdatamodel */;
			path = CoreData.xcdatamodeld;
			sourceTree = "<group>";
			versionGroupType = wrapper.xcdatamodel;
		};
/* End XCVersionGroup section */
	};
	rootObject = 9D2697FA19A064C900E4FE03 /* Project object */;
}
